
Microsoft Visual Studio Solution File, Format Version 12.00
# Visual Studio Version 17
VisualStudioVersion = 17.0.32014.148
MinimumVisualStudioVersion = 10.0.40219.1
Project("{2150E333-8FDC-42A3-9474-1A3956D46DE8}") = "src", "src", "{EBE91E34-D1AC-4EF9-8D50-D2DB05B791EA}"
EndProject
Project("{2150E333-8FDC-42A3-9474-1A3956D46DE8}") = "Catalog", "Catalog", "{9E170E5A-B476-432C-A7CF-CE5BBFF8FD94}"
EndProject
Project("{2150E333-8FDC-42A3-9474-1A3956D46DE8}") = "Basket", "Basket", "{B2B66470-2520-4B0E-B8A4-563D4CA1165F}"
EndProject
Project("{2150E333-8FDC-42A3-9474-1A3956D46DE8}") = "Ordering", "Ordering", "{85241F34-C398-4FAF-95AD-DCAE19582A71}"
EndProject
Project("{2150E333-8FDC-42A3-9474-1A3956D46DE8}") = "Authentication", "Authentication", "{73D48024-7440-4466-A88C-24FFB1C54E7E}"
EndProject
Project("{9A19103F-16F7-4668-BE54-9A1E7A4F7556}") = "Basket.Domain", "src\Basket\Basket.Domain\Basket.Domain.csproj", "{217A6F99-815C-4DBA-BD01-FFEBD8FD138E}"
EndProject
Project("{9A19103F-16F7-4668-BE54-9A1E7A4F7556}") = "Basket.Infrastructure", "src\Basket\Basket.Infrastructure\Basket.Infrastructure.csproj", "{8AB60A71-BDC1-4012-B9F5-AD6317945455}"
EndProject
Project("{9A19103F-16F7-4668-BE54-9A1E7A4F7556}") = "Catalog.Domain", "src\Catalog\Catalog.Domain\Catalog.Domain.csproj", "{087241C8-275D-45C1-9E78-917953FBB061}"
EndProject
Project("{9A19103F-16F7-4668-BE54-9A1E7A4F7556}") = "Catalog.Infrasturcture", "src\Catalog\Catalog.Infrasturcture\Catalog.Infrasturcture.csproj", "{4B25DB88-3E6F-4D6F-ADC1-93545EF1020D}"
EndProject
Project("{9A19103F-16F7-4668-BE54-9A1E7A4F7556}") = "Catalog.API", "src\Catalog\Catalog.API\Catalog.API.csproj", "{5E9581A7-E0D5-4C7B-A1CB-B6592CE26AA6}"
EndProject
Project("{9A19103F-16F7-4668-BE54-9A1E7A4F7556}") = "Catalog.Application", "src\Catalog\Catalog.Application\Catalog.Application.csproj", "{44D10FFB-D33B-4F2B-8978-B717E6402657}"
EndProject
Project("{9A19103F-16F7-4668-BE54-9A1E7A4F7556}") = "Basket.Application", "src\Basket\Basket.Application\Basket.Application.csproj", "{368A5961-142C-4F6A-B1B9-2967F281F734}"
EndProject
Project("{9A19103F-16F7-4668-BE54-9A1E7A4F7556}") = "Basket.API", "src\Basket\Basket.API\Basket.API.csproj", "{4DEDEB78-74D3-437E-9DE1-85E9DFC3754D}"
EndProject
Project("{E53339B2-1760-4266-BCC7-CA923CBCF16C}") = "docker-compose", "docker-compose.dcproj", "{86958C33-1998-4D0F-B605-11F173A97C66}"
EndProject
Project("{2150E333-8FDC-42A3-9474-1A3956D46DE8}") = "ApiGateWay", "ApiGateWay", "{FE99EF51-5CBF-4972-AC45-F8C4BFADF543}"
EndProject
Project("{9A19103F-16F7-4668-BE54-9A1E7A4F7556}") = "OcelotApiGateway", "src\ApiGateway\OcelotApiGateway\OcelotApiGateway.csproj", "{5FCD861C-411B-4277-A98D-542EF197BD3E}"
EndProject
Project("{2150E333-8FDC-42A3-9474-1A3956D46DE8}") = "EventBusRabbitMQ", "EventBusRabbitMQ", "{70067AAC-2024-40EA-801B-BBE14A8B8D56}"
EndProject
Project("{9A19103F-16F7-4668-BE54-9A1E7A4F7556}") = "EventBusRabbitMQ", "src\EventBusRabbitMQ\EventBusRabbitMQ.csproj", "{B905909D-169F-454E-A70E-96D72086EDF9}"
EndProject
Project("{9A19103F-16F7-4668-BE54-9A1E7A4F7556}") = "Identity.Domain", "src\Authentication\Identity.Domain\Identity.Domain.csproj", "{A92A39FD-E058-4F04-9CEC-3D1B5439B789}"
EndProject
Project("{9A19103F-16F7-4668-BE54-9A1E7A4F7556}") = "Identity.Infrastucture", "src\Authentication\Identity.Infrastucture\Identity.Infrastucture.csproj", "{7E7DA667-1DD1-4B35-91C4-42DF5B08A307}"
EndProject
Project("{FAE04EC0-301F-11D3-BF4B-00C04F79EFBC}") = "Identity.Application", "src\Authentication\Identity.Application\Identity.Application.csproj", "{4C6DF309-0F2F-40A0-8985-B6BB40368A8A}"
EndProject
Project("{FAE04EC0-301F-11D3-BF4B-00C04F79EFBC}") = "Identity.API", "src\Authentication\Identity.API\Identity.API.csproj", "{3A4B5B44-38C0-4EFD-88CB-283615F56515}"
EndProject
Global
	GlobalSection(SolutionConfigurationPlatforms) = preSolution
		Debug|Any CPU = Debug|Any CPU
		Release|Any CPU = Release|Any CPU
	EndGlobalSection
	GlobalSection(ProjectConfigurationPlatforms) = postSolution
		{217A6F99-815C-4DBA-BD01-FFEBD8FD138E}.Debug|Any CPU.ActiveCfg = Debug|Any CPU
		{217A6F99-815C-4DBA-BD01-FFEBD8FD138E}.Debug|Any CPU.Build.0 = Debug|Any CPU
		{217A6F99-815C-4DBA-BD01-FFEBD8FD138E}.Release|Any CPU.ActiveCfg = Release|Any CPU
		{217A6F99-815C-4DBA-BD01-FFEBD8FD138E}.Release|Any CPU.Build.0 = Release|Any CPU
		{8AB60A71-BDC1-4012-B9F5-AD6317945455}.Debug|Any CPU.ActiveCfg = Debug|Any CPU
		{8AB60A71-BDC1-4012-B9F5-AD6317945455}.Debug|Any CPU.Build.0 = Debug|Any CPU
		{8AB60A71-BDC1-4012-B9F5-AD6317945455}.Release|Any CPU.ActiveCfg = Release|Any CPU
		{8AB60A71-BDC1-4012-B9F5-AD6317945455}.Release|Any CPU.Build.0 = Release|Any CPU
		{087241C8-275D-45C1-9E78-917953FBB061}.Debug|Any CPU.ActiveCfg = Debug|Any CPU
		{087241C8-275D-45C1-9E78-917953FBB061}.Debug|Any CPU.Build.0 = Debug|Any CPU
		{087241C8-275D-45C1-9E78-917953FBB061}.Release|Any CPU.ActiveCfg = Release|Any CPU
		{087241C8-275D-45C1-9E78-917953FBB061}.Release|Any CPU.Build.0 = Release|Any CPU
		{4B25DB88-3E6F-4D6F-ADC1-93545EF1020D}.Debug|Any CPU.ActiveCfg = Debug|Any CPU
		{4B25DB88-3E6F-4D6F-ADC1-93545EF1020D}.Debug|Any CPU.Build.0 = Debug|Any CPU
		{4B25DB88-3E6F-4D6F-ADC1-93545EF1020D}.Release|Any CPU.ActiveCfg = Release|Any CPU
		{4B25DB88-3E6F-4D6F-ADC1-93545EF1020D}.Release|Any CPU.Build.0 = Release|Any CPU
		{5E9581A7-E0D5-4C7B-A1CB-B6592CE26AA6}.Debug|Any CPU.ActiveCfg = Debug|Any CPU
		{5E9581A7-E0D5-4C7B-A1CB-B6592CE26AA6}.Debug|Any CPU.Build.0 = Debug|Any CPU
		{5E9581A7-E0D5-4C7B-A1CB-B6592CE26AA6}.Release|Any CPU.ActiveCfg = Release|Any CPU
		{5E9581A7-E0D5-4C7B-A1CB-B6592CE26AA6}.Release|Any CPU.Build.0 = Release|Any CPU
		{44D10FFB-D33B-4F2B-8978-B717E6402657}.Debug|Any CPU.ActiveCfg = Debug|Any CPU
		{44D10FFB-D33B-4F2B-8978-B717E6402657}.Debug|Any CPU.Build.0 = Debug|Any CPU
		{44D10FFB-D33B-4F2B-8978-B717E6402657}.Release|Any CPU.ActiveCfg = Release|Any CPU
		{44D10FFB-D33B-4F2B-8978-B717E6402657}.Release|Any CPU.Build.0 = Release|Any CPU
		{368A5961-142C-4F6A-B1B9-2967F281F734}.Debug|Any CPU.ActiveCfg = Debug|Any CPU
		{368A5961-142C-4F6A-B1B9-2967F281F734}.Debug|Any CPU.Build.0 = Debug|Any CPU
		{368A5961-142C-4F6A-B1B9-2967F281F734}.Release|Any CPU.ActiveCfg = Release|Any CPU
		{368A5961-142C-4F6A-B1B9-2967F281F734}.Release|Any CPU.Build.0 = Release|Any CPU
		{4DEDEB78-74D3-437E-9DE1-85E9DFC3754D}.Debug|Any CPU.ActiveCfg = Debug|Any CPU
		{4DEDEB78-74D3-437E-9DE1-85E9DFC3754D}.Debug|Any CPU.Build.0 = Debug|Any CPU
		{4DEDEB78-74D3-437E-9DE1-85E9DFC3754D}.Release|Any CPU.ActiveCfg = Release|Any CPU
		{4DEDEB78-74D3-437E-9DE1-85E9DFC3754D}.Release|Any CPU.Build.0 = Release|Any CPU
		{86958C33-1998-4D0F-B605-11F173A97C66}.Debug|Any CPU.ActiveCfg = Debug|Any CPU
		{86958C33-1998-4D0F-B605-11F173A97C66}.Debug|Any CPU.Build.0 = Debug|Any CPU
		{86958C33-1998-4D0F-B605-11F173A97C66}.Release|Any CPU.ActiveCfg = Release|Any CPU
		{86958C33-1998-4D0F-B605-11F173A97C66}.Release|Any CPU.Build.0 = Release|Any CPU
		{5FCD861C-411B-4277-A98D-542EF197BD3E}.Debug|Any CPU.ActiveCfg = Debug|Any CPU
		{5FCD861C-411B-4277-A98D-542EF197BD3E}.Debug|Any CPU.Build.0 = Debug|Any CPU
		{5FCD861C-411B-4277-A98D-542EF197BD3E}.Release|Any CPU.ActiveCfg = Release|Any CPU
		{5FCD861C-411B-4277-A98D-542EF197BD3E}.Release|Any CPU.Build.0 = Release|Any CPU
		{B905909D-169F-454E-A70E-96D72086EDF9}.Debug|Any CPU.ActiveCfg = Debug|Any CPU
		{B905909D-169F-454E-A70E-96D72086EDF9}.Debug|Any CPU.Build.0 = Debug|Any CPU
		{B905909D-169F-454E-A70E-96D72086EDF9}.Release|Any CPU.ActiveCfg = Release|Any CPU
		{B905909D-169F-454E-A70E-96D72086EDF9}.Release|Any CPU.Build.0 = Release|Any CPU
		{A92A39FD-E058-4F04-9CEC-3D1B5439B789}.Debug|Any CPU.ActiveCfg = Debug|Any CPU
		{A92A39FD-E058-4F04-9CEC-3D1B5439B789}.Debug|Any CPU.Build.0 = Debug|Any CPU
		{A92A39FD-E058-4F04-9CEC-3D1B5439B789}.Release|Any CPU.ActiveCfg = Release|Any CPU
		{A92A39FD-E058-4F04-9CEC-3D1B5439B789}.Release|Any CPU.Build.0 = Release|Any CPU
		{7E7DA667-1DD1-4B35-91C4-42DF5B08A307}.Debug|Any CPU.ActiveCfg = Debug|Any CPU
		{7E7DA667-1DD1-4B35-91C4-42DF5B08A307}.Debug|Any CPU.Build.0 = Debug|Any CPU
		{7E7DA667-1DD1-4B35-91C4-42DF5B08A307}.Release|Any CPU.ActiveCfg = Release|Any CPU
		{7E7DA667-1DD1-4B35-91C4-42DF5B08A307}.Release|Any CPU.Build.0 = Release|Any CPU
		{4C6DF309-0F2F-40A0-8985-B6BB40368A8A}.Debug|Any CPU.ActiveCfg = Debug|Any CPU
		{4C6DF309-0F2F-40A0-8985-B6BB40368A8A}.Debug|Any CPU.Build.0 = Debug|Any CPU
		{4C6DF309-0F2F-40A0-8985-B6BB40368A8A}.Release|Any CPU.ActiveCfg = Release|Any CPU
		{4C6DF309-0F2F-40A0-8985-B6BB40368A8A}.Release|Any CPU.Build.0 = Release|Any CPU
		{3A4B5B44-38C0-4EFD-88CB-283615F56515}.Debug|Any CPU.ActiveCfg = Debug|Any CPU
		{3A4B5B44-38C0-4EFD-88CB-283615F56515}.Debug|Any CPU.Build.0 = Debug|Any CPU
		{3A4B5B44-38C0-4EFD-88CB-283615F56515}.Release|Any CPU.ActiveCfg = Release|Any CPU
		{3A4B5B44-38C0-4EFD-88CB-283615F56515}.Release|Any CPU.Build.0 = Release|Any CPU
	EndGlobalSection
	GlobalSection(SolutionProperties) = preSolution
		HideSolutionNode = FALSE
	EndGlobalSection
	GlobalSection(NestedProjects) = preSolution
		{9E170E5A-B476-432C-A7CF-CE5BBFF8FD94} = {EBE91E34-D1AC-4EF9-8D50-D2DB05B791EA}
		{B2B66470-2520-4B0E-B8A4-563D4CA1165F} = {EBE91E34-D1AC-4EF9-8D50-D2DB05B791EA}
		{85241F34-C398-4FAF-95AD-DCAE19582A71} = {EBE91E34-D1AC-4EF9-8D50-D2DB05B791EA}
		{73D48024-7440-4466-A88C-24FFB1C54E7E} = {EBE91E34-D1AC-4EF9-8D50-D2DB05B791EA}
		{217A6F99-815C-4DBA-BD01-FFEBD8FD138E} = {B2B66470-2520-4B0E-B8A4-563D4CA1165F}
		{8AB60A71-BDC1-4012-B9F5-AD6317945455} = {B2B66470-2520-4B0E-B8A4-563D4CA1165F}
		{087241C8-275D-45C1-9E78-917953FBB061} = {9E170E5A-B476-432C-A7CF-CE5BBFF8FD94}
		{4B25DB88-3E6F-4D6F-ADC1-93545EF1020D} = {9E170E5A-B476-432C-A7CF-CE5BBFF8FD94}
		{5E9581A7-E0D5-4C7B-A1CB-B6592CE26AA6} = {9E170E5A-B476-432C-A7CF-CE5BBFF8FD94}
		{44D10FFB-D33B-4F2B-8978-B717E6402657} = {9E170E5A-B476-432C-A7CF-CE5BBFF8FD94}
		{368A5961-142C-4F6A-B1B9-2967F281F734} = {B2B66470-2520-4B0E-B8A4-563D4CA1165F}
		{4DEDEB78-74D3-437E-9DE1-85E9DFC3754D} = {B2B66470-2520-4B0E-B8A4-563D4CA1165F}
		{FE99EF51-5CBF-4972-AC45-F8C4BFADF543} = {EBE91E34-D1AC-4EF9-8D50-D2DB05B791EA}
		{5FCD861C-411B-4277-A98D-542EF197BD3E} = {FE99EF51-5CBF-4972-AC45-F8C4BFADF543}
		{70067AAC-2024-40EA-801B-BBE14A8B8D56} = {EBE91E34-D1AC-4EF9-8D50-D2DB05B791EA}
		{B905909D-169F-454E-A70E-96D72086EDF9} = {70067AAC-2024-40EA-801B-BBE14A8B8D56}
		{A92A39FD-E058-4F04-9CEC-3D1B5439B789} = {73D48024-7440-4466-A88C-24FFB1C54E7E}
		{7E7DA667-1DD1-4B35-91C4-42DF5B08A307} = {73D48024-7440-4466-A88C-24FFB1C54E7E}
		{4C6DF309-0F2F-40A0-8985-B6BB40368A8A} = {73D48024-7440-4466-A88C-24FFB1C54E7E}
		{3A4B5B44-38C0-4EFD-88CB-283615F56515} = {73D48024-7440-4466-A88C-24FFB1C54E7E}
	EndGlobalSection
	GlobalSection(ExtensibilityGlobals) = postSolution
		SolutionGuid = {A00FF4A2-643A-4756-A7FF-83AD31FEA29C}
	EndGlobalSection
EndGlobal
