
Microsoft Visual Studio Solution File, Format Version 12.00
# Visual Studio Version 16
VisualStudioVersion = 16.0.30114.105
MinimumVisualStudioVersion = 10.0.40219.1
Project("{2150E333-8FDC-42A3-9474-1A3956D46DE8}") = "src", "src", "{F46C77F8-8D8E-4961-8B15-C2385B58F843}"
EndProject
Project("{2150E333-8FDC-42A3-9474-1A3956D46DE8}") = "ApiGateway", "ApiGateway", "{868050B0-CDE6-4A68-905C-6E34398ABB43}"
EndProject
Project("{FAE04EC0-301F-11D3-BF4B-00C04F79EFBC}") = "OcelotApiGateway", "src\ApiGateway\OcelotApiGateway\OcelotApiGateway.csproj", "{7E5EB570-C854-4B27-A01B-B1FD93D0C5E7}"
EndProject
Project("{2150E333-8FDC-42A3-9474-1A3956D46DE8}") = "Authentication", "Authentication", "{3B164785-26A4-4806-A679-3B7C3608A132}"
EndProject
Project("{FAE04EC0-301F-11D3-BF4B-00C04F79EFBC}") = "Identity.API", "src\Authentication\Identity.API\Identity.API.csproj", "{305E8D62-269C-4EDE-B9C4-1458EB9D8B75}"
EndProject
Project("{FAE04EC0-301F-11D3-BF4B-00C04F79EFBC}") = "Identity.Application", "src\Authentication\Identity.Application\Identity.Application.csproj", "{DD4EF304-3B3F-49EC-8EF9-8F329B286B06}"
EndProject
Project("{FAE04EC0-301F-11D3-BF4B-00C04F79EFBC}") = "Identity.Domain", "src\Authentication\Identity.Domain\Identity.Domain.csproj", "{125A9980-46A4-4F69-B63C-0650292A56A3}"
EndProject
Project("{FAE04EC0-301F-11D3-BF4B-00C04F79EFBC}") = "Identity.Infrastucture", "src\Authentication\Identity.Infrastucture\Identity.Infrastucture.csproj", "{FB083D96-185E-4DB0-9E53-C4FB3BE24096}"
EndProject
Project("{2150E333-8FDC-42A3-9474-1A3956D46DE8}") = "Catalog", "Catalog", "{73A59CD2-E647-4AF3-8BDB-142AFB4C1B81}"
EndProject
Project("{FAE04EC0-301F-11D3-BF4B-00C04F79EFBC}") = "Catalog.API", "src\Catalog\Catalog.API\Catalog.API.csproj", "{C8FBB791-7FF5-4FD9-B01D-E9356F626D15}"
EndProject
Project("{FAE04EC0-301F-11D3-BF4B-00C04F79EFBC}") = "Catalog.Application", "src\Catalog\Catalog.Application\Catalog.Application.csproj", "{C5AE63C7-3A3C-4737-9E4E-442093DC08A0}"
EndProject
Project("{FAE04EC0-301F-11D3-BF4B-00C04F79EFBC}") = "Catalog.Domain", "src\Catalog\Catalog.Domain\Catalog.Domain.csproj", "{18A22A95-C5B1-4032-A035-4823F3001D12}"
EndProject
Project("{FAE04EC0-301F-11D3-BF4B-00C04F79EFBC}") = "Catalog.Infrasturcture", "src\Catalog\Catalog.Infrasturcture\Catalog.Infrasturcture.csproj", "{8059D908-9FD1-4AA0-BACA-4319BEC08EFC}"
EndProject
Project("{2150E333-8FDC-42A3-9474-1A3956D46DE8}") = "Ordering", "Ordering", "{0C40B3B1-72FD-444C-A7DB-8B2889B6948D}"
EndProject
Project("{FAE04EC0-301F-11D3-BF4B-00C04F79EFBC}") = "Ordering.API", "src\Ordering\Ordering.API\Ordering.API.csproj", "{2B023F5F-71FD-4AFF-8122-C906AB4E960B}"
EndProject
Project("{FAE04EC0-301F-11D3-BF4B-00C04F79EFBC}") = "Ordering.Domain", "src\Ordering\Ordering.Domain\Ordering.Domain.csproj", "{062A6488-C772-43C1-98E1-2E9DEAE1A54F}"
EndProject
Project("{FAE04EC0-301F-11D3-BF4B-00C04F79EFBC}") = "Ordering.Application", "src\Ordering\Ordering.Application\Ordering.Application.csproj", "{188E750D-BAF1-4C71-B1F4-35F68FF651DE}"
EndProject
Project("{FAE04EC0-301F-11D3-BF4B-00C04F79EFBC}") = "Ordering.Infrastructure", "src\Ordering\Ordering.Infrastructure\Ordering.Infrastructure.csproj", "{95947768-805A-42F5-8A0E-C9CBD0A3E280}"
EndProject
Project("{FAE04EC0-301F-11D3-BF4B-00C04F79EFBC}") = "EventBusRabbitMQ", "src\EventBusRabbitMQ\EventBusRabbitMQ.csproj", "{7E7DB957-F8A4-4E46-A181-98E7DBA42359}"
EndProject
Global
	GlobalSection(SolutionConfigurationPlatforms) = preSolution
		Debug|Any CPU = Debug|Any CPU
		Release|Any CPU = Release|Any CPU
	EndGlobalSection
	GlobalSection(SolutionProperties) = preSolution
		HideSolutionNode = FALSE
	EndGlobalSection
	GlobalSection(ProjectConfigurationPlatforms) = postSolution
		{7E5EB570-C854-4B27-A01B-B1FD93D0C5E7}.Debug|Any CPU.ActiveCfg = Debug|Any CPU
		{7E5EB570-C854-4B27-A01B-B1FD93D0C5E7}.Debug|Any CPU.Build.0 = Debug|Any CPU
		{7E5EB570-C854-4B27-A01B-B1FD93D0C5E7}.Release|Any CPU.ActiveCfg = Release|Any CPU
		{7E5EB570-C854-4B27-A01B-B1FD93D0C5E7}.Release|Any CPU.Build.0 = Release|Any CPU
		{305E8D62-269C-4EDE-B9C4-1458EB9D8B75}.Debug|Any CPU.ActiveCfg = Debug|Any CPU
		{305E8D62-269C-4EDE-B9C4-1458EB9D8B75}.Debug|Any CPU.Build.0 = Debug|Any CPU
		{305E8D62-269C-4EDE-B9C4-1458EB9D8B75}.Release|Any CPU.ActiveCfg = Release|Any CPU
		{305E8D62-269C-4EDE-B9C4-1458EB9D8B75}.Release|Any CPU.Build.0 = Release|Any CPU
		{DD4EF304-3B3F-49EC-8EF9-8F329B286B06}.Debug|Any CPU.ActiveCfg = Debug|Any CPU
		{DD4EF304-3B3F-49EC-8EF9-8F329B286B06}.Debug|Any CPU.Build.0 = Debug|Any CPU
		{DD4EF304-3B3F-49EC-8EF9-8F329B286B06}.Release|Any CPU.ActiveCfg = Release|Any CPU
		{DD4EF304-3B3F-49EC-8EF9-8F329B286B06}.Release|Any CPU.Build.0 = Release|Any CPU
		{125A9980-46A4-4F69-B63C-0650292A56A3}.Debug|Any CPU.ActiveCfg = Debug|Any CPU
		{125A9980-46A4-4F69-B63C-0650292A56A3}.Debug|Any CPU.Build.0 = Debug|Any CPU
		{125A9980-46A4-4F69-B63C-0650292A56A3}.Release|Any CPU.ActiveCfg = Release|Any CPU
		{125A9980-46A4-4F69-B63C-0650292A56A3}.Release|Any CPU.Build.0 = Release|Any CPU
		{FB083D96-185E-4DB0-9E53-C4FB3BE24096}.Debug|Any CPU.ActiveCfg = Debug|Any CPU
		{FB083D96-185E-4DB0-9E53-C4FB3BE24096}.Debug|Any CPU.Build.0 = Debug|Any CPU
		{FB083D96-185E-4DB0-9E53-C4FB3BE24096}.Release|Any CPU.ActiveCfg = Release|Any CPU
		{FB083D96-185E-4DB0-9E53-C4FB3BE24096}.Release|Any CPU.Build.0 = Release|Any CPU
		{C8FBB791-7FF5-4FD9-B01D-E9356F626D15}.Debug|Any CPU.ActiveCfg = Debug|Any CPU
		{C8FBB791-7FF5-4FD9-B01D-E9356F626D15}.Debug|Any CPU.Build.0 = Debug|Any CPU
		{C8FBB791-7FF5-4FD9-B01D-E9356F626D15}.Release|Any CPU.ActiveCfg = Release|Any CPU
		{C8FBB791-7FF5-4FD9-B01D-E9356F626D15}.Release|Any CPU.Build.0 = Release|Any CPU
		{C5AE63C7-3A3C-4737-9E4E-442093DC08A0}.Debug|Any CPU.ActiveCfg = Debug|Any CPU
		{C5AE63C7-3A3C-4737-9E4E-442093DC08A0}.Debug|Any CPU.Build.0 = Debug|Any CPU
		{C5AE63C7-3A3C-4737-9E4E-442093DC08A0}.Release|Any CPU.ActiveCfg = Release|Any CPU
		{C5AE63C7-3A3C-4737-9E4E-442093DC08A0}.Release|Any CPU.Build.0 = Release|Any CPU
		{18A22A95-C5B1-4032-A035-4823F3001D12}.Debug|Any CPU.ActiveCfg = Debug|Any CPU
		{18A22A95-C5B1-4032-A035-4823F3001D12}.Debug|Any CPU.Build.0 = Debug|Any CPU
		{18A22A95-C5B1-4032-A035-4823F3001D12}.Release|Any CPU.ActiveCfg = Release|Any CPU
		{18A22A95-C5B1-4032-A035-4823F3001D12}.Release|Any CPU.Build.0 = Release|Any CPU
		{8059D908-9FD1-4AA0-BACA-4319BEC08EFC}.Debug|Any CPU.ActiveCfg = Debug|Any CPU
		{8059D908-9FD1-4AA0-BACA-4319BEC08EFC}.Debug|Any CPU.Build.0 = Debug|Any CPU
		{8059D908-9FD1-4AA0-BACA-4319BEC08EFC}.Release|Any CPU.ActiveCfg = Release|Any CPU
		{8059D908-9FD1-4AA0-BACA-4319BEC08EFC}.Release|Any CPU.Build.0 = Release|Any CPU
		{2B023F5F-71FD-4AFF-8122-C906AB4E960B}.Debug|Any CPU.ActiveCfg = Debug|Any CPU
		{2B023F5F-71FD-4AFF-8122-C906AB4E960B}.Debug|Any CPU.Build.0 = Debug|Any CPU
		{2B023F5F-71FD-4AFF-8122-C906AB4E960B}.Release|Any CPU.ActiveCfg = Release|Any CPU
		{2B023F5F-71FD-4AFF-8122-C906AB4E960B}.Release|Any CPU.Build.0 = Release|Any CPU
		{062A6488-C772-43C1-98E1-2E9DEAE1A54F}.Debug|Any CPU.ActiveCfg = Debug|Any CPU
		{062A6488-C772-43C1-98E1-2E9DEAE1A54F}.Debug|Any CPU.Build.0 = Debug|Any CPU
		{062A6488-C772-43C1-98E1-2E9DEAE1A54F}.Release|Any CPU.ActiveCfg = Release|Any CPU
		{062A6488-C772-43C1-98E1-2E9DEAE1A54F}.Release|Any CPU.Build.0 = Release|Any CPU
		{188E750D-BAF1-4C71-B1F4-35F68FF651DE}.Debug|Any CPU.ActiveCfg = Debug|Any CPU
		{188E750D-BAF1-4C71-B1F4-35F68FF651DE}.Debug|Any CPU.Build.0 = Debug|Any CPU
		{188E750D-BAF1-4C71-B1F4-35F68FF651DE}.Release|Any CPU.ActiveCfg = Release|Any CPU
		{188E750D-BAF1-4C71-B1F4-35F68FF651DE}.Release|Any CPU.Build.0 = Release|Any CPU
		{95947768-805A-42F5-8A0E-C9CBD0A3E280}.Debug|Any CPU.ActiveCfg = Debug|Any CPU
		{95947768-805A-42F5-8A0E-C9CBD0A3E280}.Debug|Any CPU.Build.0 = Debug|Any CPU
		{95947768-805A-42F5-8A0E-C9CBD0A3E280}.Release|Any CPU.ActiveCfg = Release|Any CPU
		{95947768-805A-42F5-8A0E-C9CBD0A3E280}.Release|Any CPU.Build.0 = Release|Any CPU
		{7E7DB957-F8A4-4E46-A181-98E7DBA42359}.Debug|Any CPU.ActiveCfg = Debug|Any CPU
		{7E7DB957-F8A4-4E46-A181-98E7DBA42359}.Debug|Any CPU.Build.0 = Debug|Any CPU
		{7E7DB957-F8A4-4E46-A181-98E7DBA42359}.Release|Any CPU.ActiveCfg = Release|Any CPU
		{7E7DB957-F8A4-4E46-A181-98E7DBA42359}.Release|Any CPU.Build.0 = Release|Any CPU
	EndGlobalSection
	GlobalSection(NestedProjects) = preSolution
		{868050B0-CDE6-4A68-905C-6E34398ABB43} = {F46C77F8-8D8E-4961-8B15-C2385B58F843}
		{7E5EB570-C854-4B27-A01B-B1FD93D0C5E7} = {868050B0-CDE6-4A68-905C-6E34398ABB43}
		{3B164785-26A4-4806-A679-3B7C3608A132} = {F46C77F8-8D8E-4961-8B15-C2385B58F843}
		{305E8D62-269C-4EDE-B9C4-1458EB9D8B75} = {3B164785-26A4-4806-A679-3B7C3608A132}
		{DD4EF304-3B3F-49EC-8EF9-8F329B286B06} = {3B164785-26A4-4806-A679-3B7C3608A132}
		{125A9980-46A4-4F69-B63C-0650292A56A3} = {3B164785-26A4-4806-A679-3B7C3608A132}
		{FB083D96-185E-4DB0-9E53-C4FB3BE24096} = {3B164785-26A4-4806-A679-3B7C3608A132}
		{73A59CD2-E647-4AF3-8BDB-142AFB4C1B81} = {F46C77F8-8D8E-4961-8B15-C2385B58F843}
		{C8FBB791-7FF5-4FD9-B01D-E9356F626D15} = {73A59CD2-E647-4AF3-8BDB-142AFB4C1B81}
		{C5AE63C7-3A3C-4737-9E4E-442093DC08A0} = {73A59CD2-E647-4AF3-8BDB-142AFB4C1B81}
		{18A22A95-C5B1-4032-A035-4823F3001D12} = {73A59CD2-E647-4AF3-8BDB-142AFB4C1B81}
		{8059D908-9FD1-4AA0-BACA-4319BEC08EFC} = {73A59CD2-E647-4AF3-8BDB-142AFB4C1B81}
		{0C40B3B1-72FD-444C-A7DB-8B2889B6948D} = {F46C77F8-8D8E-4961-8B15-C2385B58F843}
		{2B023F5F-71FD-4AFF-8122-C906AB4E960B} = {0C40B3B1-72FD-444C-A7DB-8B2889B6948D}
		{062A6488-C772-43C1-98E1-2E9DEAE1A54F} = {0C40B3B1-72FD-444C-A7DB-8B2889B6948D}
		{188E750D-BAF1-4C71-B1F4-35F68FF651DE} = {0C40B3B1-72FD-444C-A7DB-8B2889B6948D}
		{95947768-805A-42F5-8A0E-C9CBD0A3E280} = {0C40B3B1-72FD-444C-A7DB-8B2889B6948D}
		{7E7DB957-F8A4-4E46-A181-98E7DBA42359} = {F46C77F8-8D8E-4961-8B15-C2385B58F843}
	EndGlobalSection
EndGlobal
